// !$*UTF8*$!
{
	archiveVersion = 1;
	classes = {
	};
	objectVersion = 56;
	objects = {

/* Begin PBXBuildFile section */
		4F7492912B07089900582B7E /* AppDelegate.m in Sources */ = {isa = PBXBuildFile; fileRef = 4F7492902B07089900582B7E /* AppDelegate.m */; };
		4F74929C2B07089B00582B7E /* Assets.xcassets in Resources */ = {isa = PBXBuildFile; fileRef = 4F74929B2B07089B00582B7E /* Assets.xcassets */; };
		4F74929F2B07089B00582B7E /* LaunchScreen.storyboard in Resources */ = {isa = PBXBuildFile; fileRef = 4F74929D2B07089B00582B7E /* LaunchScreen.storyboard */; };
		4F7492A22B07089B00582B7E /* main.m in Sources */ = {isa = PBXBuildFile; fileRef = 4F7492A12B07089B00582B7E /* main.m */; };
		4F7492AD2B0708CE00582B7E /* Demo1ViewController.m in Sources */ = {isa = PBXBuildFile; fileRef = 4F7492A92B0708CD00582B7E /* Demo1ViewController.m */; };
		4F7492AE2B0708CE00582B7E /* RootViewController.m in Sources */ = {isa = PBXBuildFile; fileRef = 4F7492AC2B0708CD00582B7E /* RootViewController.m */; };
		4F7492B72B070A6200582B7E /* ShareViewController.m in Sources */ = {isa = PBXBuildFile; fileRef = 4F7492B62B070A6200582B7E /* ShareViewController.m */; };
		4F7492BA2B070A6200582B7E /* MainInterface.storyboard in Resources */ = {isa = PBXBuildFile; fileRef = 4F7492B82B070A6200582B7E /* MainInterface.storyboard */; };
		4F7492BE2B070A6200582B7E /* AppShareExtension.appex in Embed Foundation Extensions */ = {isa = PBXBuildFile; fileRef = 4F7492B32B070A6100582B7E /* AppShareExtension.appex */; settings = {ATTRIBUTES = (RemoveHeadersOnCopy, ); }; };
		4F7492CB2B070A8800582B7E /* ShareViewController.m in Sources */ = {isa = PBXBuildFile; fileRef = 4F7492CA2B070A8800582B7E /* ShareViewController.m */; };
		4F7492CE2B070A8800582B7E /* MainInterface.storyboard in Resources */ = {isa = PBXBuildFile; fileRef = 4F7492CC2B070A8800582B7E /* MainInterface.storyboard */; };
		4F7492D22B070A8800582B7E /* AnotherAppShareExtension.appex in Embed Foundation Extensions */ = {isa = PBXBuildFile; fileRef = 4F7492C72B070A8800582B7E /* AnotherAppShareExtension.appex */; settings = {ATTRIBUTES = (RemoveHeadersOnCopy, ); }; };
/* End PBXBuildFile section */

/* Begin PBXContainerItemProxy section */
		4F7492BC2B070A6200582B7E /* PBXContainerItemProxy */ = {
			isa = PBXContainerItemProxy;
			containerPortal = 4F7492842B07089900582B7E /* Project object */;
			proxyType = 1;
			remoteGlobalIDString = 4F7492B22B070A6100582B7E;
			remoteInfo = AppShareExtension;
		};
		4F7492D02B070A8800582B7E /* PBXContainerItemProxy */ = {
			isa = PBXContainerItemProxy;
			containerPortal = 4F7492842B07089900582B7E /* Project object */;
			proxyType = 1;
			remoteGlobalIDString = 4F7492C62B070A8800582B7E;
			remoteInfo = AnotherAppShareExtension;
		};
/* End PBXContainerItemProxy section */

/* Begin PBXCopyFilesBuildPhase section */
		4F7492C22B070A6200582B7E /* Embed Foundation Extensions */ = {
			isa = PBXCopyFilesBuildPhase;
			buildActionMask = 2147483647;
			dstPath = "";
			dstSubfolderSpec = 13;
			files = (
				4F7492D22B070A8800582B7E /* AnotherAppShareExtension.appex in Embed Foundation Extensions */,
				4F7492BE2B070A6200582B7E /* AppShareExtension.appex in Embed Foundation Extensions */,
			);
			name = "Embed Foundation Extensions";
			runOnlyForDeploymentPostprocessing = 0;
		};
/* End PBXCopyFilesBuildPhase section */

/* Begin PBXFileReference section */
		4F74928C2B07089900582B7E /* DummyRemoveTarget.app */ = {isa = PBXFileReference; explicitFileType = wrapper.application; includeInIndex = 0; path = DummyRemoveTarget.app; sourceTree = BUILT_PRODUCTS_DIR; };
		4F74928F2B07089900582B7E /* AppDelegate.h */ = {isa = PBXFileReference; lastKnownFileType = sourcecode.c.h; path = AppDelegate.h; sourceTree = "<group>"; };
		4F7492902B07089900582B7E /* AppDelegate.m */ = {isa = PBXFileReference; lastKnownFileType = sourcecode.c.objc; path = AppDelegate.m; sourceTree = "<group>"; };
		4F74929B2B07089B00582B7E /* Assets.xcassets */ = {isa = PBXFileReference; lastKnownFileType = folder.assetcatalog; path = Assets.xcassets; sourceTree = "<group>"; };
		4F74929E2B07089B00582B7E /* Base */ = {isa = PBXFileReference; lastKnownFileType = file.storyboard; name = Base; path = Base.lproj/LaunchScreen.storyboard; sourceTree = "<group>"; };
		4F7492A02B07089B00582B7E /* Info.plist */ = {isa = PBXFileReference; lastKnownFileType = text.plist.xml; path = Info.plist; sourceTree = "<group>"; };
		4F7492A12B07089B00582B7E /* main.m */ = {isa = PBXFileReference; lastKnownFileType = sourcecode.c.objc; path = main.m; sourceTree = "<group>"; };
		4F7492A92B0708CD00582B7E /* Demo1ViewController.m */ = {isa = PBXFileReference; fileEncoding = 4; lastKnownFileType = sourcecode.c.objc; path = Demo1ViewController.m; sourceTree = "<group>"; };
		4F7492AA2B0708CD00582B7E /* Demo1ViewController.h */ = {isa = PBXFileReference; fileEncoding = 4; lastKnownFileType = sourcecode.c.h; path = Demo1ViewController.h; sourceTree = "<group>"; };
		4F7492AB2B0708CD00582B7E /* RootViewController.h */ = {isa = PBXFileReference; fileEncoding = 4; lastKnownFileType = sourcecode.c.h; path = RootViewController.h; sourceTree = "<group>"; };
		4F7492AC2B0708CD00582B7E /* RootViewController.m */ = {isa = PBXFileReference; fileEncoding = 4; lastKnownFileType = sourcecode.c.objc; path = RootViewController.m; sourceTree = "<group>"; };
		4F7492B32B070A6100582B7E /* AppShareExtension.appex */ = {isa = PBXFileReference; explicitFileType = "wrapper.app-extension"; includeInIndex = 0; path = AppShareExtension.appex; sourceTree = BUILT_PRODUCTS_DIR; };
		4F7492B52B070A6200582B7E /* ShareViewController.h */ = {isa = PBXFileReference; lastKnownFileType = sourcecode.c.h; path = ShareViewController.h; sourceTree = "<group>"; };
		4F7492B62B070A6200582B7E /* ShareViewController.m */ = {isa = PBXFileReference; lastKnownFileType = sourcecode.c.objc; path = ShareViewController.m; sourceTree = "<group>"; };
		4F7492B92B070A6200582B7E /* Base */ = {isa = PBXFileReference; lastKnownFileType = file.storyboard; name = Base; path = Base.lproj/MainInterface.storyboard; sourceTree = "<group>"; };
		4F7492BB2B070A6200582B7E /* Info.plist */ = {isa = PBXFileReference; lastKnownFileType = text.plist.xml; path = Info.plist; sourceTree = "<group>"; };
		4F7492C72B070A8800582B7E /* AnotherAppShareExtension.appex */ = {isa = PBXFileReference; explicitFileType = "wrapper.app-extension"; includeInIndex = 0; path = AnotherAppShareExtension.appex; sourceTree = BUILT_PRODUCTS_DIR; };
		4F7492C92B070A8800582B7E /* ShareViewController.h */ = {isa = PBXFileReference; lastKnownFileType = sourcecode.c.h; path = ShareViewController.h; sourceTree = "<group>"; };
		4F7492CA2B070A8800582B7E /* ShareViewController.m */ = {isa = PBXFileReference; lastKnownFileType = sourcecode.c.objc; path = ShareViewController.m; sourceTree = "<group>"; };
		4F7492CD2B070A8800582B7E /* Base */ = {isa = PBXFileReference; lastKnownFileType = file.storyboard; name = Base; path = Base.lproj/MainInterface.storyboard; sourceTree = "<group>"; };
		4F7492CF2B070A8800582B7E /* Info.plist */ = {isa = PBXFileReference; lastKnownFileType = text.plist.xml; path = Info.plist; sourceTree = "<group>"; };
/* End PBXFileReference section */

/* Begin PBXFrameworksBuildPhase section */
		4F7492892B07089900582B7E /* Frameworks */ = {
			isa = PBXFrameworksBuildPhase;
			buildActionMask = 2147483647;
			files = (
			);
			runOnlyForDeploymentPostprocessing = 0;
		};
		4F7492B02B070A6100582B7E /* Frameworks */ = {
			isa = PBXFrameworksBuildPhase;
			buildActionMask = 2147483647;
			files = (
			);
			runOnlyForDeploymentPostprocessing = 0;
		};
		4F7492C42B070A8800582B7E /* Frameworks */ = {
			isa = PBXFrameworksBuildPhase;
			buildActionMask = 2147483647;
			files = (
			);
			runOnlyForDeploymentPostprocessing = 0;
		};
/* End PBXFrameworksBuildPhase section */

/* Begin PBXGroup section */
		4F7492832B07089900582B7E = {
			isa = PBXGroup;
			children = (
				4F74928E2B07089900582B7E /* DummyRemoveTarget */,
				4F7492B42B070A6200582B7E /* AppShareExtension */,
				4F7492C82B070A8800582B7E /* AnotherAppShareExtension */,
				4F74928D2B07089900582B7E /* Products */,
			);
			sourceTree = "<group>";
		};
		4F74928D2B07089900582B7E /* Products */ = {
			isa = PBXGroup;
			children = (
				4F74928C2B07089900582B7E /* DummyRemoveTarget.app */,
				4F7492B32B070A6100582B7E /* AppShareExtension.appex */,
				4F7492C72B070A8800582B7E /* AnotherAppShareExtension.appex */,
			);
			name = Products;
			sourceTree = "<group>";
		};
		4F74928E2B07089900582B7E /* DummyRemoveTarget */ = {
			isa = PBXGroup;
			children = (
				4F7492A82B0708CD00582B7E /* AppTestDemos */,
				4F74928F2B07089900582B7E /* AppDelegate.h */,
				4F7492902B07089900582B7E /* AppDelegate.m */,
				4F7492AB2B0708CD00582B7E /* RootViewController.h */,
				4F7492AC2B0708CD00582B7E /* RootViewController.m */,
				4F74929B2B07089B00582B7E /* Assets.xcassets */,
				4F74929D2B07089B00582B7E /* LaunchScreen.storyboard */,
				4F7492A02B07089B00582B7E /* Info.plist */,
				4F7492A12B07089B00582B7E /* main.m */,
			);
			path = DummyRemoveTarget;
			sourceTree = "<group>";
		};
		4F7492A82B0708CD00582B7E /* AppTestDemos */ = {
			isa = PBXGroup;
			children = (
				4F7492AA2B0708CD00582B7E /* Demo1ViewController.h */,
				4F7492A92B0708CD00582B7E /* Demo1ViewController.m */,
			);
			path = AppTestDemos;
			sourceTree = "<group>";
		};
		4F7492B42B070A6200582B7E /* AppShareExtension */ = {
			isa = PBXGroup;
			children = (
				4F7492B52B070A6200582B7E /* ShareViewController.h */,
				4F7492B62B070A6200582B7E /* ShareViewController.m */,
				4F7492B82B070A6200582B7E /* MainInterface.storyboard */,
				4F7492BB2B070A6200582B7E /* Info.plist */,
			);
			path = AppShareExtension;
			sourceTree = "<group>";
		};
		4F7492C82B070A8800582B7E /* AnotherAppShareExtension */ = {
			isa = PBXGroup;
			children = (
				4F7492C92B070A8800582B7E /* ShareViewController.h */,
				4F7492CA2B070A8800582B7E /* ShareViewController.m */,
				4F7492CC2B070A8800582B7E /* MainInterface.storyboard */,
				4F7492CF2B070A8800582B7E /* Info.plist */,
			);
			path = AnotherAppShareExtension;
			sourceTree = "<group>";
		};
/* End PBXGroup section */

/* Begin PBXNativeTarget section */
		4F74928B2B07089900582B7E /* DummyRemoveTarget */ = {
			isa = PBXNativeTarget;
			buildConfigurationList = 4F7492A52B07089B00582B7E /* Build configuration list for PBXNativeTarget "DummyRemoveTarget" */;
			buildPhases = (
				4F7492882B07089900582B7E /* Sources */,
				4F7492892B07089900582B7E /* Frameworks */,
				4F74928A2B07089900582B7E /* Resources */,
				4F7492C22B070A6200582B7E /* Embed Foundation Extensions */,
			);
			buildRules = (
			);
			dependencies = (
				4F7492BD2B070A6200582B7E /* PBXTargetDependency */,
				4F7492D12B070A8800582B7E /* PBXTargetDependency */,
			);
			name = DummyRemoveTarget;
			productName = DummyRemoveTarget;
			productReference = 4F74928C2B07089900582B7E /* DummyRemoveTarget.app */;
			productType = "com.apple.product-type.application";
		};
		4F7492B22B070A6100582B7E /* AppShareExtension */ = {
			isa = PBXNativeTarget;
			buildConfigurationList = 4F7492BF2B070A6200582B7E /* Build configuration list for PBXNativeTarget "AppShareExtension" */;
			buildPhases = (
				4F7492AF2B070A6100582B7E /* Sources */,
				4F7492B02B070A6100582B7E /* Frameworks */,
				4F7492B12B070A6100582B7E /* Resources */,
			);
			buildRules = (
			);
			dependencies = (
			);
			name = AppShareExtension;
			productName = AppShareExtension;
			productReference = 4F7492B32B070A6100582B7E /* AppShareExtension.appex */;
			productType = "com.apple.product-type.app-extension";
		};
		4F7492C62B070A8800582B7E /* AnotherAppShareExtension */ = {
			isa = PBXNativeTarget;
			buildConfigurationList = 4F7492D32B070A8800582B7E /* Build configuration list for PBXNativeTarget "AnotherAppShareExtension" */;
			buildPhases = (
				4F7492C32B070A8800582B7E /* Sources */,
				4F7492C42B070A8800582B7E /* Frameworks */,
				4F7492C52B070A8800582B7E /* Resources */,
			);
			buildRules = (
			);
			dependencies = (
			);
			name = AnotherAppShareExtension;
			productName = AnotherAppShareExtension;
			productReference = 4F7492C72B070A8800582B7E /* AnotherAppShareExtension.appex */;
			productType = "com.apple.product-type.app-extension";
		};
/* End PBXNativeTarget section */

/* Begin PBXProject section */
		4F7492842B07089900582B7E /* Project object */ = {
			isa = PBXProject;
			attributes = {
				BuildIndependentTargetsInParallel = 1;
				LastUpgradeCheck = 1430;
				TargetAttributes = {
					4F74928B2B07089900582B7E = {
						CreatedOnToolsVersion = 14.3.1;
					};
					4F7492B22B070A6100582B7E = {
						CreatedOnToolsVersion = 14.3.1;
					};
					4F7492C62B070A8800582B7E = {
						CreatedOnToolsVersion = 14.3.1;
					};
				};
			};
			buildConfigurationList = 4F7492872B07089900582B7E /* Build configuration list for PBXProject "DummyRemoveTarget" */;
			compatibilityVersion = "Xcode 14.0";
			developmentRegion = en;
			hasScannedForEncodings = 0;
			knownRegions = (
				en,
				Base,
			);
			mainGroup = 4F7492832B07089900582B7E;
			productRefGroup = 4F74928D2B07089900582B7E /* Products */;
			projectDirPath = "";
			projectRoot = "";
			targets = (
				4F74928B2B07089900582B7E /* DummyRemoveTarget */,
				4F7492B22B070A6100582B7E /* AppShareExtension */,
				4F7492C62B070A8800582B7E /* AnotherAppShareExtension */,
			);
		};
/* End PBXProject section */

/* Begin PBXResourcesBuildPhase section */
		4F74928A2B07089900582B7E /* Resources */ = {
			isa = PBXResourcesBuildPhase;
			buildActionMask = 2147483647;
			files = (
				4F74929F2B07089B00582B7E /* LaunchScreen.storyboard in Resources */,
				4F74929C2B07089B00582B7E /* Assets.xcassets in Resources */,
			);
			runOnlyForDeploymentPostprocessing = 0;
		};
		4F7492B12B070A6100582B7E /* Resources */ = {
			isa = PBXResourcesBuildPhase;
			buildActionMask = 2147483647;
			files = (
				4F7492BA2B070A6200582B7E /* MainInterface.storyboard in Resources */,
			);
			runOnlyForDeploymentPostprocessing = 0;
		};
		4F7492C52B070A8800582B7E /* Resources */ = {
			isa = PBXResourcesBuildPhase;
			buildActionMask = 2147483647;
			files = (
				4F7492CE2B070A8800582B7E /* MainInterface.storyboard in Resources */,
			);
			runOnlyForDeploymentPostprocessing = 0;
		};
/* End PBXResourcesBuildPhase section */

/* Begin PBXSourcesBuildPhase section */
		4F7492882B07089900582B7E /* Sources */ = {
			isa = PBXSourcesBuildPhase;
			buildActionMask = 2147483647;
			files = (
				4F7492912B07089900582B7E /* AppDelegate.m in Sources */,
				4F7492AD2B0708CE00582B7E /* Demo1ViewController.m in Sources */,
				4F7492AE2B0708CE00582B7E /* RootViewController.m in Sources */,
				4F7492A22B07089B00582B7E /* main.m in Sources */,
			);
			runOnlyForDeploymentPostprocessing = 0;
		};
		4F7492AF2B070A6100582B7E /* Sources */ = {
			isa = PBXSourcesBuildPhase;
			buildActionMask = 2147483647;
			files = (
				4F7492B72B070A6200582B7E /* ShareViewController.m in Sources */,
			);
			runOnlyForDeploymentPostprocessing = 0;
		};
		4F7492C32B070A8800582B7E /* Sources */ = {
			isa = PBXSourcesBuildPhase;
			buildActionMask = 2147483647;
			files = (
				4F7492CB2B070A8800582B7E /* ShareViewController.m in Sources */,
			);
			runOnlyForDeploymentPostprocessing = 0;
		};
/* End PBXSourcesBuildPhase section */

/* Begin PBXTargetDependency section */
		4F7492BD2B070A6200582B7E /* PBXTargetDependency */ = {
			isa = PBXTargetDependency;
			target = 4F7492B22B070A6100582B7E /* AppShareExtension */;
			targetProxy = 4F7492BC2B070A6200582B7E /* PBXContainerItemProxy */;
		};
		4F7492D12B070A8800582B7E /* PBXTargetDependency */ = {
			isa = PBXTargetDependency;
			target = 4F7492C62B070A8800582B7E /* AnotherAppShareExtension */;
			targetProxy = 4F7492D02B070A8800582B7E /* PBXContainerItemProxy */;
		};
/* End PBXTargetDependency section */

/* Begin PBXVariantGroup section */
		4F74929D2B07089B00582B7E /* LaunchScreen.storyboard */ = {
			isa = PBXVariantGroup;
			children = (
				4F74929E2B07089B00582B7E /* Base */,
			);
			name = LaunchScreen.storyboard;
			sourceTree = "<group>";
		};
		4F7492B82B070A6200582B7E /* MainInterface.storyboard */ = {
			isa = PBXVariantGroup;
			children = (
				4F7492B92B070A6200582B7E /* Base */,
			);
			name = MainInterface.storyboard;
			sourceTree = "<group>";
		};
		4F7492CC2B070A8800582B7E /* MainInterface.storyboard */ = {
			isa = PBXVariantGroup;
			children = (
				4F7492CD2B070A8800582B7E /* Base */,
			);
			name = MainInterface.storyboard;
			sourceTree = "<group>";
		};
/* End PBXVariantGroup section */

/* Begin XCBuildConfiguration section */
		4F7492A32B07089B00582B7E /* Debug */ = {
			isa = XCBuildConfiguration;
			buildSettings = {
				ALWAYS_SEARCH_USER_PATHS = NO;
				CLANG_ANALYZER_NONNULL = YES;
				CLANG_ANALYZER_NUMBER_OBJECT_CONVERSION = YES_AGGRESSIVE;
				CLANG_CXX_LANGUAGE_STANDARD = "gnu++20";
				CLANG_ENABLE_MODULES = YES;
				CLANG_ENABLE_OBJC_ARC = YES;
				CLANG_ENABLE_OBJC_WEAK = YES;
				CLANG_WARN_BLOCK_CAPTURE_AUTORELEASING = YES;
				CLANG_WARN_BOOL_CONVERSION = YES;
				CLANG_WARN_COMMA = YES;
				CLANG_WARN_CONSTANT_CONVERSION = YES;
				CLANG_WARN_DEPRECATED_OBJC_IMPLEMENTATIONS = YES;
				CLANG_WARN_DIRECT_OBJC_ISA_USAGE = YES_ERROR;
				CLANG_WARN_DOCUMENTATION_COMMENTS = YES;
				CLANG_WARN_EMPTY_BODY = YES;
				CLANG_WARN_ENUM_CONVERSION = YES;
				CLANG_WARN_INFINITE_RECURSION = YES;
				CLANG_WARN_INT_CONVERSION = YES;
				CLANG_WARN_NON_LITERAL_NULL_CONVERSION = YES;
				CLANG_WARN_OBJC_IMPLICIT_RETAIN_SELF = YES;
				CLANG_WARN_OBJC_LITERAL_CONVERSION = YES;
				CLANG_WARN_OBJC_ROOT_CLASS = YES_ERROR;
				CLANG_WARN_QUOTED_INCLUDE_IN_FRAMEWORK_HEADER = YES;
				CLANG_WARN_RANGE_LOOP_ANALYSIS = YES;
				CLANG_WARN_STRICT_PROTOTYPES = YES;
				CLANG_WARN_SUSPICIOUS_MOVE = YES;
				CLANG_WARN_UNGUARDED_AVAILABILITY = YES_AGGRESSIVE;
				CLANG_WARN_UNREACHABLE_CODE = YES;
				CLANG_WARN__DUPLICATE_METHOD_MATCH = YES;
				COPY_PHASE_STRIP = NO;
				DEBUG_INFORMATION_FORMAT = dwarf;
				ENABLE_STRICT_OBJC_MSGSEND = YES;
				ENABLE_TESTABILITY = YES;
				GCC_C_LANGUAGE_STANDARD = gnu11;
				GCC_DYNAMIC_NO_PIC = NO;
				GCC_NO_COMMON_BLOCKS = YES;
				GCC_OPTIMIZATION_LEVEL = 0;
				GCC_PREPROCESSOR_DEFINITIONS = (
					"DEBUG=1",
					"$(inherited)",
				);
				GCC_WARN_64_TO_32_BIT_CONVERSION = YES;
				GCC_WARN_ABOUT_RETURN_TYPE = YES_ERROR;
				GCC_WARN_UNDECLARED_SELECTOR = YES;
				GCC_WARN_UNINITIALIZED_AUTOS = YES_AGGRESSIVE;
				GCC_WARN_UNUSED_FUNCTION = YES;
				GCC_WARN_UNUSED_VARIABLE = YES;
				IPHONEOS_DEPLOYMENT_TARGET = 11.0;
				MTL_ENABLE_DEBUG_INFO = INCLUDE_SOURCE;
				MTL_FAST_MATH = YES;
				ONLY_ACTIVE_ARCH = YES;
				SDKROOT = iphoneos;
			};
			name = Debug;
		};
		4F7492A42B07089B00582B7E /* Release */ = {
			isa = XCBuildConfiguration;
			buildSettings = {
				ALWAYS_SEARCH_USER_PATHS = NO;
				CLANG_ANALYZER_NONNULL = YES;
				CLANG_ANALYZER_NUMBER_OBJECT_CONVERSION = YES_AGGRESSIVE;
				CLANG_CXX_LANGUAGE_STANDARD = "gnu++20";
				CLANG_ENABLE_MODULES = YES;
				CLANG_ENABLE_OBJC_ARC = YES;
				CLANG_ENABLE_OBJC_WEAK = YES;
				CLANG_WARN_BLOCK_CAPTURE_AUTORELEASING = YES;
				CLANG_WARN_BOOL_CONVERSION = YES;
				CLANG_WARN_COMMA = YES;
				CLANG_WARN_CONSTANT_CONVERSION = YES;
				CLANG_WARN_DEPRECATED_OBJC_IMPLEMENTATIONS = YES;
				CLANG_WARN_DIRECT_OBJC_ISA_USAGE = YES_ERROR;
				CLANG_WARN_DOCUMENTATION_COMMENTS = YES;
				CLANG_WARN_EMPTY_BODY = YES;
				CLANG_WARN_ENUM_CONVERSION = YES;
				CLANG_WARN_INFINITE_RECURSION = YES;
				CLANG_WARN_INT_CONVERSION = YES;
				CLANG_WARN_NON_LITERAL_NULL_CONVERSION = YES;
				CLANG_WARN_OBJC_IMPLICIT_RETAIN_SELF = YES;
				CLANG_WARN_OBJC_LITERAL_CONVERSION = YES;
				CLANG_WARN_OBJC_ROOT_CLASS = YES_ERROR;
				CLANG_WARN_QUOTED_INCLUDE_IN_FRAMEWORK_HEADER = YES;
				CLANG_WARN_RANGE_LOOP_ANALYSIS = YES;
				CLANG_WARN_STRICT_PROTOTYPES = YES;
				CLANG_WARN_SUSPICIOUS_MOVE = YES;
				CLANG_WARN_UNGUARDED_AVAILABILITY = YES_AGGRESSIVE;
				CLANG_WARN_UNREACHABLE_CODE = YES;
				CLANG_WARN__DUPLICATE_METHOD_MATCH = YES;
				COPY_PHASE_STRIP = NO;
				DEBUG_INFORMATION_FORMAT = "dwarf-with-dsym";
				ENABLE_NS_ASSERTIONS = NO;
				ENABLE_STRICT_OBJC_MSGSEND = YES;
				GCC_C_LANGUAGE_STANDARD = gnu11;
				GCC_NO_COMMON_BLOCKS = YES;
				GCC_WARN_64_TO_32_BIT_CONVERSION = YES;
				GCC_WARN_ABOUT_RETURN_TYPE = YES_ERROR;
				GCC_WARN_UNDECLARED_SELECTOR = YES;
				GCC_WARN_UNINITIALIZED_AUTOS = YES_AGGRESSIVE;
				GCC_WARN_UNUSED_FUNCTION = YES;
				GCC_WARN_UNUSED_VARIABLE = YES;
				IPHONEOS_DEPLOYMENT_TARGET = 11.0;
				MTL_ENABLE_DEBUG_INFO = NO;
				MTL_FAST_MATH = YES;
				SDKROOT = iphoneos;
				VALIDATE_PRODUCT = YES;
			};
			name = Release;
		};
		4F7492A62B07089B00582B7E /* Debug */ = {
			isa = XCBuildConfiguration;
			buildSettings = {
				ASSETCATALOG_COMPILER_APPICON_NAME = AppIcon;
				ASSETCATALOG_COMPILER_GLOBAL_ACCENT_COLOR_NAME = AccentColor;
				CODE_SIGN_STYLE = Automatic;
				CURRENT_PROJECT_VERSION = 1;
				INFOPLIST_FILE = DummyRemoveTarget/Info.plist;
				INFOPLIST_KEY_UIApplicationSupportsIndirectInputEvents = YES;
				INFOPLIST_KEY_UILaunchStoryboardName = LaunchScreen;
				INFOPLIST_KEY_UISupportedInterfaceOrientations_iPad = "UIInterfaceOrientationPortrait UIInterfaceOrientationPortraitUpsideDown UIInterfaceOrientationLandscapeLeft UIInterfaceOrientationLandscapeRight";
				INFOPLIST_KEY_UISupportedInterfaceOrientations_iPhone = "UIInterfaceOrientationPortrait UIInterfaceOrientationLandscapeLeft UIInterfaceOrientationLandscapeRight";
				LD_RUNPATH_SEARCH_PATHS = (
					"$(inherited)",
					"@executable_path/Frameworks",
				);
				MARKETING_VERSION = 1.0;
				PRODUCT_BUNDLE_IDENTIFIER = com.wc.DummyRemoveTarget;
				PRODUCT_NAME = "$(TARGET_NAME)";
				SWIFT_EMIT_LOC_STRINGS = YES;
				TARGETED_DEVICE_FAMILY = "1,2";
			};
			name = Debug;
		};
		4F7492A72B07089B00582B7E /* Release */ = {
			isa = XCBuildConfiguration;
			buildSettings = {
				ASSETCATALOG_COMPILER_APPICON_NAME = AppIcon;
				ASSETCATALOG_COMPILER_GLOBAL_ACCENT_COLOR_NAME = AccentColor;
				CODE_SIGN_STYLE = Automatic;
				CURRENT_PROJECT_VERSION = 1;
				INFOPLIST_FILE = DummyRemoveTarget/Info.plist;
				INFOPLIST_KEY_UIApplicationSupportsIndirectInputEvents = YES;
				INFOPLIST_KEY_UILaunchStoryboardName = LaunchScreen;
				INFOPLIST_KEY_UISupportedInterfaceOrientations_iPad = "UIInterfaceOrientationPortrait UIInterfaceOrientationPortraitUpsideDown UIInterfaceOrientationLandscapeLeft UIInterfaceOrientationLandscapeRight";
				INFOPLIST_KEY_UISupportedInterfaceOrientations_iPhone = "UIInterfaceOrientationPortrait UIInterfaceOrientationLandscapeLeft UIInterfaceOrientationLandscapeRight";
				LD_RUNPATH_SEARCH_PATHS = (
					"$(inherited)",
					"@executable_path/Frameworks",
				);
				MARKETING_VERSION = 1.0;
				PRODUCT_BUNDLE_IDENTIFIER = com.wc.DummyRemoveTarget;
				PRODUCT_NAME = "$(TARGET_NAME)";
				SWIFT_EMIT_LOC_STRINGS = YES;
				TARGETED_DEVICE_FAMILY = "1,2";
			};
			name = Release;
		};
		4F7492C02B070A6200582B7E /* Debug */ = {
			isa = XCBuildConfiguration;
			buildSettings = {
				CODE_SIGN_STYLE = Automatic;
				CURRENT_PROJECT_VERSION = 1;
				GENERATE_INFOPLIST_FILE = YES;
				INFOPLIST_FILE = AppShareExtension/Info.plist;
				INFOPLIST_KEY_CFBundleDisplayName = AppShareExtension;
				INFOPLIST_KEY_NSHumanReadableCopyright = "";
				LD_RUNPATH_SEARCH_PATHS = (
					"$(inherited)",
					"@executable_path/Frameworks",
					"@executable_path/../../Frameworks",
				);
				MARKETING_VERSION = 1.0;
				PRODUCT_BUNDLE_IDENTIFIER = com.wc.DummyRemoveTarget.AppShareExtension;
				PRODUCT_NAME = "$(TARGET_NAME)";
				SKIP_INSTALL = YES;
				SWIFT_EMIT_LOC_STRINGS = YES;
				TARGETED_DEVICE_FAMILY = "1,2";
			};
			name = Debug;
		};
		4F7492C12B070A6200582B7E /* Release */ = {
			isa = XCBuildConfiguration;
			buildSettings = {
				CODE_SIGN_STYLE = Automatic;
				CURRENT_PROJECT_VERSION = 1;
				GENERATE_INFOPLIST_FILE = YES;
				INFOPLIST_FILE = AppShareExtension/Info.plist;
				INFOPLIST_KEY_CFBundleDisplayName = AppShareExtension;
				INFOPLIST_KEY_NSHumanReadableCopyright = "";
				LD_RUNPATH_SEARCH_PATHS = (
					"$(inherited)",
					"@executable_path/Frameworks",
					"@executable_path/../../Frameworks",
				);
				MARKETING_VERSION = 1.0;
				PRODUCT_BUNDLE_IDENTIFIER = com.wc.DummyRemoveTarget.AppShareExtension;
				PRODUCT_NAME = "$(TARGET_NAME)";
				SKIP_INSTALL = YES;
				SWIFT_EMIT_LOC_STRINGS = YES;
				TARGETED_DEVICE_FAMILY = "1,2";
			};
			name = Release;
		};
		4F7492D42B070A8800582B7E /* Debug */ = {
			isa = XCBuildConfiguration;
			buildSettings = {
				CODE_SIGN_STYLE = Automatic;
				CURRENT_PROJECT_VERSION = 1;
				GENERATE_INFOPLIST_FILE = YES;
				INFOPLIST_FILE = AnotherAppShareExtension/Info.plist;
				INFOPLIST_KEY_CFBundleDisplayName = AnotherAppShareExtension;
				INFOPLIST_KEY_NSHumanReadableCopyright = "";
				LD_RUNPATH_SEARCH_PATHS = (
					"$(inherited)",
					"@executable_path/Frameworks",
					"@executable_path/../../Frameworks",
				);
				MARKETING_VERSION = 1.0;
				PRODUCT_BUNDLE_IDENTIFIER = com.wc.DummyRemoveTarget.AnotherAppShareExtension;
				PRODUCT_NAME = "$(TARGET_NAME)";
				SKIP_INSTALL = YES;
				SWIFT_EMIT_LOC_STRINGS = YES;
				TARGETED_DEVICE_FAMILY = "1,2";
			};
			name = Debug;
		};
		4F7492D52B070A8800582B7E /* Release */ = {
			isa = XCBuildConfiguration;
			buildSettings = {
				CODE_SIGN_STYLE = Automatic;
				CURRENT_PROJECT_VERSION = 1;
				GENERATE_INFOPLIST_FILE = YES;
				INFOPLIST_FILE = AnotherAppShareExtension/Info.plist;
				INFOPLIST_KEY_CFBundleDisplayName = AnotherAppShareExtension;
				INFOPLIST_KEY_NSHumanReadableCopyright = "";
				LD_RUNPATH_SEARCH_PATHS = (
					"$(inherited)",
					"@executable_path/Frameworks",
					"@executable_path/../../Frameworks",
				);
				MARKETING_VERSION = 1.0;
				PRODUCT_BUNDLE_IDENTIFIER = com.wc.DummyRemoveTarget.AnotherAppShareExtension;
				PRODUCT_NAME = "$(TARGET_NAME)";
				SKIP_INSTALL = YES;
				SWIFT_EMIT_LOC_STRINGS = YES;
				TARGETED_DEVICE_FAMILY = "1,2";
			};
			name = Release;
		};
/* End XCBuildConfiguration section */

/* Begin XCConfigurationList section */
		4F7492872B07089900582B7E /* Build configuration list for PBXProject "DummyRemoveTarget" */ = {
			isa = XCConfigurationList;
			buildConfigurations = (
				4F7492A32B07089B00582B7E /* Debug */,
				4F7492A42B07089B00582B7E /* Release */,
			);
			defaultConfigurationIsVisible = 0;
			defaultConfigurationName = Release;
		};
		4F7492A52B07089B00582B7E /* Build configuration list for PBXNativeTarget "DummyRemoveTarget" */ = {
			isa = XCConfigurationList;
			buildConfigurations = (
				4F7492A62B07089B00582B7E /* Debug */,
				4F7492A72B07089B00582B7E /* Release */,
			);
			defaultConfigurationIsVisible = 0;
			defaultConfigurationName = Release;
		};
		4F7492BF2B070A6200582B7E /* Build configuration list for PBXNativeTarget "AppShareExtension" */ = {
			isa = XCConfigurationList;
			buildConfigurations = (
				4F7492C02B070A6200582B7E /* Debug */,
				4F7492C12B070A6200582B7E /* Release */,
			);
			defaultConfigurationIsVisible = 0;
			defaultConfigurationName = Release;
		};
		4F7492D32B070A8800582B7E /* Build configuration list for PBXNativeTarget "AnotherAppShareExtension" */ = {
			isa = XCConfigurationList;
			buildConfigurations = (
				4F7492D42B070A8800582B7E /* Debug */,
				4F7492D52B070A8800582B7E /* Release */,
			);
			defaultConfigurationIsVisible = 0;
			defaultConfigurationName = Release;
		};
/* End XCConfigurationList section */
	};
	rootObject = 4F7492842B07089900582B7E /* Project object */;
}
