// !$*UTF8*$!
{
	archiveVersion = 1;
	classes = {
	};
	objectVersion = 56;
	objects = {

/* Begin PBXBuildFile section */
		4F326B482B0C7B7600DEEBFA /* AppDelegate.m in Sources */ = {isa = PBXBuildFile; fileRef = 4F326B472B0C7B7600DEEBFA /* AppDelegate.m */; };
		4F326B532B0C7B7800DEEBFA /* Assets.xcassets in Resources */ = {isa = PBXBuildFile; fileRef = 4F326B522B0C7B7800DEEBFA /* Assets.xcassets */; };
		4F326B562B0C7B7800DEEBFA /* LaunchScreen.storyboard in Resources */ = {isa = PBXBuildFile; fileRef = 4F326B542B0C7B7800DEEBFA /* LaunchScreen.storyboard */; };
		4F326B592B0C7B7800DEEBFA /* main.m in Sources */ = {isa = PBXBuildFile; fileRef = 4F326B582B0C7B7800DEEBFA /* main.m */; };
		4F326B642B0C7C3700DEEBFA /* Demo1ViewController.m in Sources */ = {isa = PBXBuildFile; fileRef = 4F326B602B0C7C3600DEEBFA /* Demo1ViewController.m */; };
		4F326B652B0C7C3700DEEBFA /* RootViewController.m in Sources */ = {isa = PBXBuildFile; fileRef = 4F326B632B0C7C3700DEEBFA /* RootViewController.m */; };
		4F326B6E2B0C7C7C00DEEBFA /* ShareViewController.m in Sources */ = {isa = PBXBuildFile; fileRef = 4F326B6D2B0C7C7C00DEEBFA /* ShareViewController.m */; };
		4F326B712B0C7C7C00DEEBFA /* MainInterface.storyboard in Resources */ = {isa = PBXBuildFile; fileRef = 4F326B6F2B0C7C7C00DEEBFA /* MainInterface.storyboard */; };
		4F326B752B0C7C7C00DEEBFA /* AppShareExtension.appex in Embed Foundation Extensions */ = {isa = PBXBuildFile; fileRef = 4F326B6A2B0C7C7C00DEEBFA /* AppShareExtension.appex */; settings = {ATTRIBUTES = (RemoveHeadersOnCopy, ); }; };
		A57D3DE12081EE8660A9388F /* Pods_DummyAddSourceFileToTarget.framework in Frameworks */ = {isa = PBXBuildFile; fileRef = 40206016CF15C684F9E1E881 /* Pods_DummyAddSourceFileToTarget.framework */; };
		C7D94C0CD8BB646517CF6D35 /* Pods_AppShareExtension.framework in Frameworks */ = {isa = PBXBuildFile; fileRef = 97DBA18DA2E62442D7DD9E92 /* Pods_AppShareExtension.framework */; };
/* End PBXBuildFile section */

/* Begin PBXContainerItemProxy section */
		4F326B732B0C7C7C00DEEBFA /* PBXContainerItemProxy */ = {
			isa = PBXContainerItemProxy;
			containerPortal = 4F326B3B2B0C7B7600DEEBFA /* Project object */;
			proxyType = 1;
			remoteGlobalIDString = 4F326B692B0C7C7C00DEEBFA;
			remoteInfo = AppShareExtension;
		};
/* End PBXContainerItemProxy section */

/* Begin PBXCopyFilesBuildPhase section */
		4F326B792B0C7C7C00DEEBFA /* Embed Foundation Extensions */ = {
			isa = PBXCopyFilesBuildPhase;
			buildActionMask = 2147483647;
			dstPath = "";
			dstSubfolderSpec = 13;
			files = (
				4F326B752B0C7C7C00DEEBFA /* AppShareExtension.appex in Embed Foundation Extensions */,
			);
			name = "Embed Foundation Extensions";
			runOnlyForDeploymentPostprocessing = 0;
		};
/* End PBXCopyFilesBuildPhase section */

/* Begin PBXFileReference section */
		0065D98CCC1A8DF40C03F954 /* Pods-AppShareExtension.release.xcconfig */ = {isa = PBXFileReference; includeInIndex = 1; lastKnownFileType = text.xcconfig; name = "Pods-AppShareExtension.release.xcconfig"; path = "Target Support Files/Pods-AppShareExtension/Pods-AppShareExtension.release.xcconfig"; sourceTree = "<group>"; };
		40206016CF15C684F9E1E881 /* Pods_DummyAddSourceFileToTarget.framework */ = {isa = PBXFileReference; explicitFileType = wrapper.framework; includeInIndex = 0; path = Pods_DummyAddSourceFileToTarget.framework; sourceTree = BUILT_PRODUCTS_DIR; };
		4BCF151FE6556C86A6D93636 /* Pods-DummyAddSourceFileToTarget.debug.xcconfig */ = {isa = PBXFileReference; includeInIndex = 1; lastKnownFileType = text.xcconfig; name = "Pods-DummyAddSourceFileToTarget.debug.xcconfig"; path = "Target Support Files/Pods-DummyAddSourceFileToTarget/Pods-DummyAddSourceFileToTarget.debug.xcconfig"; sourceTree = "<group>"; };
		4F326B432B0C7B7600DEEBFA /* DummyAddSourceFileToTarget.app */ = {isa = PBXFileReference; explicitFileType = wrapper.application; includeInIndex = 0; path = DummyAddSourceFileToTarget.app; sourceTree = BUILT_PRODUCTS_DIR; };
		4F326B462B0C7B7600DEEBFA /* AppDelegate.h */ = {isa = PBXFileReference; lastKnownFileType = sourcecode.c.h; path = AppDelegate.h; sourceTree = "<group>"; };
		4F326B472B0C7B7600DEEBFA /* AppDelegate.m */ = {isa = PBXFileReference; lastKnownFileType = sourcecode.c.objc; path = AppDelegate.m; sourceTree = "<group>"; };
		4F326B522B0C7B7800DEEBFA /* Assets.xcassets */ = {isa = PBXFileReference; lastKnownFileType = folder.assetcatalog; path = Assets.xcassets; sourceTree = "<group>"; };
		4F326B552B0C7B7800DEEBFA /* Base */ = {isa = PBXFileReference; lastKnownFileType = file.storyboard; name = Base; path = Base.lproj/LaunchScreen.storyboard; sourceTree = "<group>"; };
		4F326B572B0C7B7800DEEBFA /* Info.plist */ = {isa = PBXFileReference; lastKnownFileType = text.plist.xml; path = Info.plist; sourceTree = "<group>"; };
		4F326B582B0C7B7800DEEBFA /* main.m */ = {isa = PBXFileReference; lastKnownFileType = sourcecode.c.objc; path = main.m; sourceTree = "<group>"; };
		4F326B602B0C7C3600DEEBFA /* Demo1ViewController.m */ = {isa = PBXFileReference; fileEncoding = 4; lastKnownFileType = sourcecode.c.objc; path = Demo1ViewController.m; sourceTree = "<group>"; };
		4F326B612B0C7C3600DEEBFA /* Demo1ViewController.h */ = {isa = PBXFileReference; fileEncoding = 4; lastKnownFileType = sourcecode.c.h; path = Demo1ViewController.h; sourceTree = "<group>"; };
		4F326B622B0C7C3600DEEBFA /* RootViewController.h */ = {isa = PBXFileReference; fileEncoding = 4; lastKnownFileType = sourcecode.c.h; path = RootViewController.h; sourceTree = "<group>"; };
		4F326B632B0C7C3700DEEBFA /* RootViewController.m */ = {isa = PBXFileReference; fileEncoding = 4; lastKnownFileType = sourcecode.c.objc; path = RootViewController.m; sourceTree = "<group>"; };
		4F326B6A2B0C7C7C00DEEBFA /* AppShareExtension.appex */ = {isa = PBXFileReference; explicitFileType = "wrapper.app-extension"; includeInIndex = 0; path = AppShareExtension.appex; sourceTree = BUILT_PRODUCTS_DIR; };
		4F326B6C2B0C7C7C00DEEBFA /* ShareViewController.h */ = {isa = PBXFileReference; lastKnownFileType = sourcecode.c.h; path = ShareViewController.h; sourceTree = "<group>"; };
		4F326B6D2B0C7C7C00DEEBFA /* ShareViewController.m */ = {isa = PBXFileReference; lastKnownFileType = sourcecode.c.objc; path = ShareViewController.m; sourceTree = "<group>"; };
		4F326B702B0C7C7C00DEEBFA /* Base */ = {isa = PBXFileReference; lastKnownFileType = file.storyboard; name = Base; path = Base.lproj/MainInterface.storyboard; sourceTree = "<group>"; };
		4F326B722B0C7C7C00DEEBFA /* Info.plist */ = {isa = PBXFileReference; lastKnownFileType = text.plist.xml; path = Info.plist; sourceTree = "<group>"; };
		97DBA18DA2E62442D7DD9E92 /* Pods_AppShareExtension.framework */ = {isa = PBXFileReference; explicitFileType = wrapper.framework; includeInIndex = 0; path = Pods_AppShareExtension.framework; sourceTree = BUILT_PRODUCTS_DIR; };
		9BCF4F451F9ABA415FF30315 /* Pods-AppShareExtension.debug.xcconfig */ = {isa = PBXFileReference; includeInIndex = 1; lastKnownFileType = text.xcconfig; name = "Pods-AppShareExtension.debug.xcconfig"; path = "Target Support Files/Pods-AppShareExtension/Pods-AppShareExtension.debug.xcconfig"; sourceTree = "<group>"; };
		E2B6506DC3856CCAC185C609 /* Pods-DummyAddSourceFileToTarget.release.xcconfig */ = {isa = PBXFileReference; includeInIndex = 1; lastKnownFileType = text.xcconfig; name = "Pods-DummyAddSourceFileToTarget.release.xcconfig"; path = "Target Support Files/Pods-DummyAddSourceFileToTarget/Pods-DummyAddSourceFileToTarget.release.xcconfig"; sourceTree = "<group>"; };
/* End PBXFileReference section */

/* Begin PBXFrameworksBuildPhase section */
		4F326B402B0C7B7600DEEBFA /* Frameworks */ = {
			isa = PBXFrameworksBuildPhase;
			buildActionMask = 2147483647;
			files = (
				A57D3DE12081EE8660A9388F /* Pods_DummyAddSourceFileToTarget.framework in Frameworks */,
			);
			runOnlyForDeploymentPostprocessing = 0;
		};
		4F326B672B0C7C7C00DEEBFA /* Frameworks */ = {
			isa = PBXFrameworksBuildPhase;
			buildActionMask = 2147483647;
			files = (
				C7D94C0CD8BB646517CF6D35 /* Pods_AppShareExtension.framework in Frameworks */,
			);
			runOnlyForDeploymentPostprocessing = 0;
		};
/* End PBXFrameworksBuildPhase section */

/* Begin PBXGroup section */
		4F326B3A2B0C7B7600DEEBFA = {
			isa = PBXGroup;
			children = (
				4F326B452B0C7B7600DEEBFA /* DummyAddSourceFileToTarget */,
				4F326B6B2B0C7C7C00DEEBFA /* AppShareExtension */,
				4F326B442B0C7B7600DEEBFA /* Products */,
				B8B8D99993462B64F9161187 /* Pods */,
				9A6793C863295E3601E16D1E /* Frameworks */,
			);
			sourceTree = "<group>";
		};
		4F326B442B0C7B7600DEEBFA /* Products */ = {
			isa = PBXGroup;
			children = (
				4F326B432B0C7B7600DEEBFA /* DummyAddSourceFileToTarget.app */,
				4F326B6A2B0C7C7C00DEEBFA /* AppShareExtension.appex */,
			);
			name = Products;
			sourceTree = "<group>";
		};
		4F326B452B0C7B7600DEEBFA /* DummyAddSourceFileToTarget */ = {
			isa = PBXGroup;
			children = (
				4F326B5F2B0C7C3600DEEBFA /* AppTestDemos */,
				4F326B622B0C7C3600DEEBFA /* RootViewController.h */,
				4F326B632B0C7C3700DEEBFA /* RootViewController.m */,
				4F326B462B0C7B7600DEEBFA /* AppDelegate.h */,
				4F326B472B0C7B7600DEEBFA /* AppDelegate.m */,
				4F326B522B0C7B7800DEEBFA /* Assets.xcassets */,
				4F326B542B0C7B7800DEEBFA /* LaunchScreen.storyboard */,
				4F326B572B0C7B7800DEEBFA /* Info.plist */,
				4F326B582B0C7B7800DEEBFA /* main.m */,
			);
			path = DummyAddSourceFileToTarget;
			sourceTree = "<group>";
		};
		4F326B5F2B0C7C3600DEEBFA /* AppTestDemos */ = {
			isa = PBXGroup;
			children = (
				4F326B612B0C7C3600DEEBFA /* Demo1ViewController.h */,
				4F326B602B0C7C3600DEEBFA /* Demo1ViewController.m */,
			);
			path = AppTestDemos;
			sourceTree = "<group>";
		};
		4F326B6B2B0C7C7C00DEEBFA /* AppShareExtension */ = {
			isa = PBXGroup;
			children = (
				4F326B6C2B0C7C7C00DEEBFA /* ShareViewController.h */,
				4F326B6D2B0C7C7C00DEEBFA /* ShareViewController.m */,
				4F326B6F2B0C7C7C00DEEBFA /* MainInterface.storyboard */,
				4F326B722B0C7C7C00DEEBFA /* Info.plist */,
			);
			path = AppShareExtension;
			sourceTree = "<group>";
		};
		9A6793C863295E3601E16D1E /* Frameworks */ = {
			isa = PBXGroup;
			children = (
				97DBA18DA2E62442D7DD9E92 /* Pods_AppShareExtension.framework */,
				40206016CF15C684F9E1E881 /* Pods_DummyAddSourceFileToTarget.framework */,
			);
			name = Frameworks;
			sourceTree = "<group>";
		};
		B8B8D99993462B64F9161187 /* Pods */ = {
			isa = PBXGroup;
			children = (
				9BCF4F451F9ABA415FF30315 /* Pods-AppShareExtension.debug.xcconfig */,
				0065D98CCC1A8DF40C03F954 /* Pods-AppShareExtension.release.xcconfig */,
				4BCF151FE6556C86A6D93636 /* Pods-DummyAddSourceFileToTarget.debug.xcconfig */,
				E2B6506DC3856CCAC185C609 /* Pods-DummyAddSourceFileToTarget.release.xcconfig */,
			);
			name = Pods;
			path = Pods;
			sourceTree = "<group>";
		};
/* End PBXGroup section */

/* Begin PBXNativeTarget section */
		4F326B422B0C7B7600DEEBFA /* DummyAddSourceFileToTarget */ = {
			isa = PBXNativeTarget;
			buildConfigurationList = 4F326B5C2B0C7B7800DEEBFA /* Build configuration list for PBXNativeTarget "DummyAddSourceFileToTarget" */;
			buildPhases = (
				C59086B78A307A4E84E3F5C3 /* [CP] Check Pods Manifest.lock */,
				4F326B3F2B0C7B7600DEEBFA /* Sources */,
				4F326B402B0C7B7600DEEBFA /* Frameworks */,
				4F326B412B0C7B7600DEEBFA /* Resources */,
				4F326B792B0C7C7C00DEEBFA /* Embed Foundation Extensions */,
			);
			buildRules = (
			);
			dependencies = (
				4F326B742B0C7C7C00DEEBFA /* PBXTargetDependency */,
			);
			name = DummyAddSourceFileToTarget;
			productName = DummyAddSourceFileToTarget;
			productReference = 4F326B432B0C7B7600DEEBFA /* DummyAddSourceFileToTarget.app */;
			productType = "com.apple.product-type.application";
		};
		4F326B692B0C7C7C00DEEBFA /* AppShareExtension */ = {
			isa = PBXNativeTarget;
			buildConfigurationList = 4F326B762B0C7C7C00DEEBFA /* Build configuration list for PBXNativeTarget "AppShareExtension" */;
			buildPhases = (
				BBBE9C284E04F49D32F18437 /* [CP] Check Pods Manifest.lock */,
				4F326B662B0C7C7C00DEEBFA /* Sources */,
				4F326B672B0C7C7C00DEEBFA /* Frameworks */,
				4F326B682B0C7C7C00DEEBFA /* Resources */,
			);
			buildRules = (
			);
			dependencies = (
			);
			name = AppShareExtension;
			productName = AppShareExtension;
			productReference = 4F326B6A2B0C7C7C00DEEBFA /* AppShareExtension.appex */;
			productType = "com.apple.product-type.app-extension";
		};
/* End PBXNativeTarget section */

/* Begin PBXProject section */
		4F326B3B2B0C7B7600DEEBFA /* Project object */ = {
			isa = PBXProject;
			attributes = {
				BuildIndependentTargetsInParallel = 1;
				LastUpgradeCheck = 1430;
				TargetAttributes = {
					4F326B422B0C7B7600DEEBFA = {
						CreatedOnToolsVersion = 14.3.1;
					};
					4F326B692B0C7C7C00DEEBFA = {
						CreatedOnToolsVersion = 14.3.1;
					};
				};
			};
			buildConfigurationList = 4F326B3E2B0C7B7600DEEBFA /* Build configuration list for PBXProject "DummyAddSourceFileToTarget" */;
			compatibilityVersion = "Xcode 14.0";
			developmentRegion = en;
			hasScannedForEncodings = 0;
			knownRegions = (
				en,
				Base,
			);
			mainGroup = 4F326B3A2B0C7B7600DEEBFA;
			productRefGroup = 4F326B442B0C7B7600DEEBFA /* Products */;
			projectDirPath = "";
			projectRoot = "";
			targets = (
				4F326B422B0C7B7600DEEBFA /* DummyAddSourceFileToTarget */,
				4F326B692B0C7C7C00DEEBFA /* AppShareExtension */,
			);
		};
/* End PBXProject section */

/* Begin PBXResourcesBuildPhase section */
		4F326B412B0C7B7600DEEBFA /* Resources */ = {
			isa = PBXResourcesBuildPhase;
			buildActionMask = 2147483647;
			files = (
				4F326B562B0C7B7800DEEBFA /* LaunchScreen.storyboard in Resources */,
				4F326B532B0C7B7800DEEBFA /* Assets.xcassets in Resources */,
			);
			runOnlyForDeploymentPostprocessing = 0;
		};
		4F326B682B0C7C7C00DEEBFA /* Resources */ = {
			isa = PBXResourcesBuildPhase;
			buildActionMask = 2147483647;
			files = (
				4F326B712B0C7C7C00DEEBFA /* MainInterface.storyboard in Resources */,
			);
			runOnlyForDeploymentPostprocessing = 0;
		};
/* End PBXResourcesBuildPhase section */

/* Begin PBXShellScriptBuildPhase section */
		BBBE9C284E04F49D32F18437 /* [CP] Check Pods Manifest.lock */ = {
			isa = PBXShellScriptBuildPhase;
			buildActionMask = 2147483647;
			files = (
			);
			inputFileListPaths = (
			);
			inputPaths = (
				"${PODS_PODFILE_DIR_PATH}/Podfile.lock",
				"${PODS_ROOT}/Manifest.lock",
			);
			name = "[CP] Check Pods Manifest.lock";
			outputFileListPaths = (
			);
			outputPaths = (
				"$(DERIVED_FILE_DIR)/Pods-AppShareExtension-checkManifestLockResult.txt",
			);
			runOnlyForDeploymentPostprocessing = 0;
			shellPath = /bin/sh;
			shellScript = "diff \"${PODS_PODFILE_DIR_PATH}/Podfile.lock\" \"${PODS_ROOT}/Manifest.lock\" > /dev/null\nif [ $? != 0 ] ; then\n    # print error to STDERR\n    echo \"error: The sandbox is not in sync with the Podfile.lock. Run 'pod install' or update your CocoaPods installation.\" >&2\n    exit 1\nfi\n# This output is used by Xcode 'outputs' to avoid re-running this script phase.\necho \"SUCCESS\" > \"${SCRIPT_OUTPUT_FILE_0}\"\n";
			showEnvVarsInLog = 0;
		};
		C59086B78A307A4E84E3F5C3 /* [CP] Check Pods Manifest.lock */ = {
			isa = PBXShellScriptBuildPhase;
			buildActionMask = 2147483647;
			files = (
			);
			inputFileListPaths = (
			);
			inputPaths = (
				"${PODS_PODFILE_DIR_PATH}/Podfile.lock",
				"${PODS_ROOT}/Manifest.lock",
			);
			name = "[CP] Check Pods Manifest.lock";
			outputFileListPaths = (
			);
			outputPaths = (
				"$(DERIVED_FILE_DIR)/Pods-DummyAddSourceFileToTarget-checkManifestLockResult.txt",
			);
			runOnlyForDeploymentPostprocessing = 0;
			shellPath = /bin/sh;
			shellScript = "diff \"${PODS_PODFILE_DIR_PATH}/Podfile.lock\" \"${PODS_ROOT}/Manifest.lock\" > /dev/null\nif [ $? != 0 ] ; then\n    # print error to STDERR\n    echo \"error: The sandbox is not in sync with the Podfile.lock. Run 'pod install' or update your CocoaPods installation.\" >&2\n    exit 1\nfi\n# This output is used by Xcode 'outputs' to avoid re-running this script phase.\necho \"SUCCESS\" > \"${SCRIPT_OUTPUT_FILE_0}\"\n";
			showEnvVarsInLog = 0;
		};
/* End PBXShellScriptBuildPhase section */

/* Begin PBXSourcesBuildPhase section */
		4F326B3F2B0C7B7600DEEBFA /* Sources */ = {
			isa = PBXSourcesBuildPhase;
			buildActionMask = 2147483647;
			files = (
				4F326B482B0C7B7600DEEBFA /* AppDelegate.m in Sources */,
				4F326B642B0C7C3700DEEBFA /* Demo1ViewController.m in Sources */,
				4F326B652B0C7C3700DEEBFA /* RootViewController.m in Sources */,
				4F326B592B0C7B7800DEEBFA /* main.m in Sources */,
			);
			runOnlyForDeploymentPostprocessing = 0;
		};
		4F326B662B0C7C7C00DEEBFA /* Sources */ = {
			isa = PBXSourcesBuildPhase;
			buildActionMask = 2147483647;
			files = (
				4F326B6E2B0C7C7C00DEEBFA /* ShareViewController.m in Sources */,
			);
			runOnlyForDeploymentPostprocessing = 0;
		};
/* End PBXSourcesBuildPhase section */

/* Begin PBXTargetDependency section */
		4F326B742B0C7C7C00DEEBFA /* PBXTargetDependency */ = {
			isa = PBXTargetDependency;
			target = 4F326B692B0C7C7C00DEEBFA /* AppShareExtension */;
			targetProxy = 4F326B732B0C7C7C00DEEBFA /* PBXContainerItemProxy */;
		};
/* End PBXTargetDependency section */

/* Begin PBXVariantGroup section */
		4F326B542B0C7B7800DEEBFA /* LaunchScreen.storyboard */ = {
			isa = PBXVariantGroup;
			children = (
				4F326B552B0C7B7800DEEBFA /* Base */,
			);
			name = LaunchScreen.storyboard;
			sourceTree = "<group>";
		};
		4F326B6F2B0C7C7C00DEEBFA /* MainInterface.storyboard */ = {
			isa = PBXVariantGroup;
			children = (
				4F326B702B0C7C7C00DEEBFA /* Base */,
			);
			name = MainInterface.storyboard;
			sourceTree = "<group>";
		};
/* End PBXVariantGroup section */

/* Begin XCBuildConfiguration section */
		4F326B5A2B0C7B7800DEEBFA /* Debug */ = {
			isa = XCBuildConfiguration;
			buildSettings = {
				ALWAYS_SEARCH_USER_PATHS = NO;
				CLANG_ANALYZER_NONNULL = YES;
				CLANG_ANALYZER_NUMBER_OBJECT_CONVERSION = YES_AGGRESSIVE;
				CLANG_CXX_LANGUAGE_STANDARD = "gnu++20";
				CLANG_ENABLE_MODULES = YES;
				CLANG_ENABLE_OBJC_ARC = YES;
				CLANG_ENABLE_OBJC_WEAK = YES;
				CLANG_WARN_BLOCK_CAPTURE_AUTORELEASING = YES;
				CLANG_WARN_BOOL_CONVERSION = YES;
				CLANG_WARN_COMMA = YES;
				CLANG_WARN_CONSTANT_CONVERSION = YES;
				CLANG_WARN_DEPRECATED_OBJC_IMPLEMENTATIONS = YES;
				CLANG_WARN_DIRECT_OBJC_ISA_USAGE = YES_ERROR;
				CLANG_WARN_DOCUMENTATION_COMMENTS = YES;
				CLANG_WARN_EMPTY_BODY = YES;
				CLANG_WARN_ENUM_CONVERSION = YES;
				CLANG_WARN_INFINITE_RECURSION = YES;
				CLANG_WARN_INT_CONVERSION = YES;
				CLANG_WARN_NON_LITERAL_NULL_CONVERSION = YES;
				CLANG_WARN_OBJC_IMPLICIT_RETAIN_SELF = YES;
				CLANG_WARN_OBJC_LITERAL_CONVERSION = YES;
				CLANG_WARN_OBJC_ROOT_CLASS = YES_ERROR;
				CLANG_WARN_QUOTED_INCLUDE_IN_FRAMEWORK_HEADER = YES;
				CLANG_WARN_RANGE_LOOP_ANALYSIS = YES;
				CLANG_WARN_STRICT_PROTOTYPES = YES;
				CLANG_WARN_SUSPICIOUS_MOVE = YES;
				CLANG_WARN_UNGUARDED_AVAILABILITY = YES_AGGRESSIVE;
				CLANG_WARN_UNREACHABLE_CODE = YES;
				CLANG_WARN__DUPLICATE_METHOD_MATCH = YES;
				COPY_PHASE_STRIP = NO;
				DEBUG_INFORMATION_FORMAT = dwarf;
				ENABLE_STRICT_OBJC_MSGSEND = YES;
				ENABLE_TESTABILITY = YES;
				GCC_C_LANGUAGE_STANDARD = gnu11;
				GCC_DYNAMIC_NO_PIC = NO;
				GCC_NO_COMMON_BLOCKS = YES;
				GCC_OPTIMIZATION_LEVEL = 0;
				GCC_PREPROCESSOR_DEFINITIONS = (
					"DEBUG=1",
					"$(inherited)",
				);
				GCC_WARN_64_TO_32_BIT_CONVERSION = YES;
				GCC_WARN_ABOUT_RETURN_TYPE = YES_ERROR;
				GCC_WARN_UNDECLARED_SELECTOR = YES;
				GCC_WARN_UNINITIALIZED_AUTOS = YES_AGGRESSIVE;
				GCC_WARN_UNUSED_FUNCTION = YES;
				GCC_WARN_UNUSED_VARIABLE = YES;
				IPHONEOS_DEPLOYMENT_TARGET = 11.0;
				MTL_ENABLE_DEBUG_INFO = INCLUDE_SOURCE;
				MTL_FAST_MATH = YES;
				ONLY_ACTIVE_ARCH = YES;
				SDKROOT = iphoneos;
			};
			name = Debug;
		};
		4F326B5B2B0C7B7800DEEBFA /* Release */ = {
			isa = XCBuildConfiguration;
			buildSettings = {
				ALWAYS_SEARCH_USER_PATHS = NO;
				CLANG_ANALYZER_NONNULL = YES;
				CLANG_ANALYZER_NUMBER_OBJECT_CONVERSION = YES_AGGRESSIVE;
				CLANG_CXX_LANGUAGE_STANDARD = "gnu++20";
				CLANG_ENABLE_MODULES = YES;
				CLANG_ENABLE_OBJC_ARC = YES;
				CLANG_ENABLE_OBJC_WEAK = YES;
				CLANG_WARN_BLOCK_CAPTURE_AUTORELEASING = YES;
				CLANG_WARN_BOOL_CONVERSION = YES;
				CLANG_WARN_COMMA = YES;
				CLANG_WARN_CONSTANT_CONVERSION = YES;
				CLANG_WARN_DEPRECATED_OBJC_IMPLEMENTATIONS = YES;
				CLANG_WARN_DIRECT_OBJC_ISA_USAGE = YES_ERROR;
				CLANG_WARN_DOCUMENTATION_COMMENTS = YES;
				CLANG_WARN_EMPTY_BODY = YES;
				CLANG_WARN_ENUM_CONVERSION = YES;
				CLANG_WARN_INFINITE_RECURSION = YES;
				CLANG_WARN_INT_CONVERSION = YES;
				CLANG_WARN_NON_LITERAL_NULL_CONVERSION = YES;
				CLANG_WARN_OBJC_IMPLICIT_RETAIN_SELF = YES;
				CLANG_WARN_OBJC_LITERAL_CONVERSION = YES;
				CLANG_WARN_OBJC_ROOT_CLASS = YES_ERROR;
				CLANG_WARN_QUOTED_INCLUDE_IN_FRAMEWORK_HEADER = YES;
				CLANG_WARN_RANGE_LOOP_ANALYSIS = YES;
				CLANG_WARN_STRICT_PROTOTYPES = YES;
				CLANG_WARN_SUSPICIOUS_MOVE = YES;
				CLANG_WARN_UNGUARDED_AVAILABILITY = YES_AGGRESSIVE;
				CLANG_WARN_UNREACHABLE_CODE = YES;
				CLANG_WARN__DUPLICATE_METHOD_MATCH = YES;
				COPY_PHASE_STRIP = NO;
				DEBUG_INFORMATION_FORMAT = "dwarf-with-dsym";
				ENABLE_NS_ASSERTIONS = NO;
				ENABLE_STRICT_OBJC_MSGSEND = YES;
				GCC_C_LANGUAGE_STANDARD = gnu11;
				GCC_NO_COMMON_BLOCKS = YES;
				GCC_WARN_64_TO_32_BIT_CONVERSION = YES;
				GCC_WARN_ABOUT_RETURN_TYPE = YES_ERROR;
				GCC_WARN_UNDECLARED_SELECTOR = YES;
				GCC_WARN_UNINITIALIZED_AUTOS = YES_AGGRESSIVE;
				GCC_WARN_UNUSED_FUNCTION = YES;
				GCC_WARN_UNUSED_VARIABLE = YES;
				IPHONEOS_DEPLOYMENT_TARGET = 11.0;
				MTL_ENABLE_DEBUG_INFO = NO;
				MTL_FAST_MATH = YES;
				SDKROOT = iphoneos;
				VALIDATE_PRODUCT = YES;
			};
			name = Release;
		};
		4F326B5D2B0C7B7800DEEBFA /* Debug */ = {
			isa = XCBuildConfiguration;
			baseConfigurationReference = 4BCF151FE6556C86A6D93636 /* Pods-DummyAddSourceFileToTarget.debug.xcconfig */;
			buildSettings = {
				ASSETCATALOG_COMPILER_APPICON_NAME = AppIcon;
				ASSETCATALOG_COMPILER_GLOBAL_ACCENT_COLOR_NAME = AccentColor;
				CODE_SIGN_STYLE = Automatic;
				CURRENT_PROJECT_VERSION = 1;
				INFOPLIST_FILE = DummyAddSourceFileToTarget/Info.plist;
				INFOPLIST_KEY_UIApplicationSupportsIndirectInputEvents = YES;
				INFOPLIST_KEY_UILaunchStoryboardName = LaunchScreen;
				INFOPLIST_KEY_UISupportedInterfaceOrientations_iPad = "UIInterfaceOrientationPortrait UIInterfaceOrientationPortraitUpsideDown UIInterfaceOrientationLandscapeLeft UIInterfaceOrientationLandscapeRight";
				INFOPLIST_KEY_UISupportedInterfaceOrientations_iPhone = "UIInterfaceOrientationPortrait UIInterfaceOrientationLandscapeLeft UIInterfaceOrientationLandscapeRight";
				LD_RUNPATH_SEARCH_PATHS = (
					"$(inherited)",
					"@executable_path/Frameworks",
				);
				MARKETING_VERSION = 1.0;
				PRODUCT_BUNDLE_IDENTIFIER = com.wc.DummyAddSourceFileToTarget;
				PRODUCT_NAME = "$(TARGET_NAME)";
				SWIFT_EMIT_LOC_STRINGS = YES;
				TARGETED_DEVICE_FAMILY = "1,2";
			};
			name = Debug;
		};
		4F326B5E2B0C7B7800DEEBFA /* Release */ = {
			isa = XCBuildConfiguration;
			baseConfigurationReference = E2B6506DC3856CCAC185C609 /* Pods-DummyAddSourceFileToTarget.release.xcconfig */;
			buildSettings = {
				ASSETCATALOG_COMPILER_APPICON_NAME = AppIcon;
				ASSETCATALOG_COMPILER_GLOBAL_ACCENT_COLOR_NAME = AccentColor;
				CODE_SIGN_STYLE = Automatic;
				CURRENT_PROJECT_VERSION = 1;
				INFOPLIST_FILE = DummyAddSourceFileToTarget/Info.plist;
				INFOPLIST_KEY_UIApplicationSupportsIndirectInputEvents = YES;
				INFOPLIST_KEY_UILaunchStoryboardName = LaunchScreen;
				INFOPLIST_KEY_UISupportedInterfaceOrientations_iPad = "UIInterfaceOrientationPortrait UIInterfaceOrientationPortraitUpsideDown UIInterfaceOrientationLandscapeLeft UIInterfaceOrientationLandscapeRight";
				INFOPLIST_KEY_UISupportedInterfaceOrientations_iPhone = "UIInterfaceOrientationPortrait UIInterfaceOrientationLandscapeLeft UIInterfaceOrientationLandscapeRight";
				LD_RUNPATH_SEARCH_PATHS = (
					"$(inherited)",
					"@executable_path/Frameworks",
				);
				MARKETING_VERSION = 1.0;
				PRODUCT_BUNDLE_IDENTIFIER = com.wc.DummyAddSourceFileToTarget;
				PRODUCT_NAME = "$(TARGET_NAME)";
				SWIFT_EMIT_LOC_STRINGS = YES;
				TARGETED_DEVICE_FAMILY = "1,2";
			};
			name = Release;
		};
		4F326B772B0C7C7C00DEEBFA /* Debug */ = {
			isa = XCBuildConfiguration;
			baseConfigurationReference = 9BCF4F451F9ABA415FF30315 /* Pods-AppShareExtension.debug.xcconfig */;
			buildSettings = {
				CODE_SIGN_STYLE = Automatic;
				CURRENT_PROJECT_VERSION = 1;
				GENERATE_INFOPLIST_FILE = YES;
				INFOPLIST_FILE = AppShareExtension/Info.plist;
				INFOPLIST_KEY_CFBundleDisplayName = AppShareExtension;
				INFOPLIST_KEY_NSHumanReadableCopyright = "";
				LD_RUNPATH_SEARCH_PATHS = (
					"$(inherited)",
					"@executable_path/Frameworks",
					"@executable_path/../../Frameworks",
				);
				MARKETING_VERSION = 1.0;
				PRODUCT_BUNDLE_IDENTIFIER = com.wc.DummyAddSourceFileToTarget.AppShareExtension;
				PRODUCT_NAME = "$(TARGET_NAME)";
				SKIP_INSTALL = YES;
				SWIFT_EMIT_LOC_STRINGS = YES;
				TARGETED_DEVICE_FAMILY = "1,2";
			};
			name = Debug;
		};
		4F326B782B0C7C7C00DEEBFA /* Release */ = {
			isa = XCBuildConfiguration;
			baseConfigurationReference = 0065D98CCC1A8DF40C03F954 /* Pods-AppShareExtension.release.xcconfig */;
			buildSettings = {
				CODE_SIGN_STYLE = Automatic;
				CURRENT_PROJECT_VERSION = 1;
				GENERATE_INFOPLIST_FILE = YES;
				INFOPLIST_FILE = AppShareExtension/Info.plist;
				INFOPLIST_KEY_CFBundleDisplayName = AppShareExtension;
				INFOPLIST_KEY_NSHumanReadableCopyright = "";
				LD_RUNPATH_SEARCH_PATHS = (
					"$(inherited)",
					"@executable_path/Frameworks",
					"@executable_path/../../Frameworks",
				);
				MARKETING_VERSION = 1.0;
				PRODUCT_BUNDLE_IDENTIFIER = com.wc.DummyAddSourceFileToTarget.AppShareExtension;
				PRODUCT_NAME = "$(TARGET_NAME)";
				SKIP_INSTALL = YES;
				SWIFT_EMIT_LOC_STRINGS = YES;
				TARGETED_DEVICE_FAMILY = "1,2";
			};
			name = Release;
		};
/* End XCBuildConfiguration section */

/* Begin XCConfigurationList section */
		4F326B3E2B0C7B7600DEEBFA /* Build configuration list for PBXProject "DummyAddSourceFileToTarget" */ = {
			isa = XCConfigurationList;
			buildConfigurations = (
				4F326B5A2B0C7B7800DEEBFA /* Debug */,
				4F326B5B2B0C7B7800DEEBFA /* Release */,
			);
			defaultConfigurationIsVisible = 0;
			defaultConfigurationName = Release;
		};
		4F326B5C2B0C7B7800DEEBFA /* Build configuration list for PBXNativeTarget "DummyAddSourceFileToTarget" */ = {
			isa = XCConfigurationList;
			buildConfigurations = (
				4F326B5D2B0C7B7800DEEBFA /* Debug */,
				4F326B5E2B0C7B7800DEEBFA /* Release */,
			);
			defaultConfigurationIsVisible = 0;
			defaultConfigurationName = Release;
		};
		4F326B762B0C7C7C00DEEBFA /* Build configuration list for PBXNativeTarget "AppShareExtension" */ = {
			isa = XCConfigurationList;
			buildConfigurations = (
				4F326B772B0C7C7C00DEEBFA /* Debug */,
				4F326B782B0C7C7C00DEEBFA /* Release */,
			);
			defaultConfigurationIsVisible = 0;
			defaultConfigurationName = Release;
		};
/* End XCConfigurationList section */
	};
	rootObject = 4F326B3B2B0C7B7600DEEBFA /* Project object */;
}
